
Microsoft Visual Studio Solution File, Format Version 12.00
# Visual Studio Version 17
VisualStudioVersion = 17.13.35825.156
MinimumVisualStudioVersion = 10.0.40219.1
Project("{FAE04EC0-301F-11D3-BF4B-00C04F79EFBC}") = "firstproject", "firstproject\firstproject.csproj", "{79FB9301-EB30-4531-A1CA-2A3CE55AF26B}"
EndProject
Project("{FAE04EC0-301F-11D3-BF4B-00C04F79EFBC}") = "week1part2", "week1part2\week1part2.csproj", "{AF07EFA9-46AD-4998-A517-AE0AC529C467}"
EndProject
Global
	GlobalSection(SolutionConfigurationPlatforms) = preSolution
		Debug|Any CPU = Debug|Any CPU
		Release|Any CPU = Release|Any CPU
	EndGlobalSection
	GlobalSection(ProjectConfigurationPlatforms) = postSolution
		{79FB9301-EB30-4531-A1CA-2A3CE55AF26B}.Debug|Any CPU.ActiveCfg = Debug|Any CPU
		{79FB9301-EB30-4531-A1CA-2A3CE55AF26B}.Debug|Any CPU.Build.0 = Debug|Any CPU
		{79FB9301-EB30-4531-A1CA-2A3CE55AF26B}.Release|Any CPU.ActiveCfg = Release|Any CPU
		{79FB9301-EB30-4531-A1CA-2A3CE55AF26B}.Release|Any CPU.Build.0 = Release|Any CPU
		{AF07EFA9-46AD-4998-A517-AE0AC529C467}.Debug|Any CPU.ActiveCfg = Debug|Any CPU
		{AF07EFA9-46AD-4998-A517-AE0AC529C467}.Debug|Any CPU.Build.0 = Debug|Any CPU
		{AF07EFA9-46AD-4998-A517-AE0AC529C467}.Release|Any CPU.ActiveCfg = Release|Any CPU
		{AF07EFA9-46AD-4998-A517-AE0AC529C467}.Release|Any CPU.Build.0 = Release|Any CPU
	EndGlobalSection
	GlobalSection(SolutionProperties) = preSolution
		HideSolutionNode = FALSE
	EndGlobalSection
	GlobalSection(ExtensibilityGlobals) = postSolution
		SolutionGuid = {F0AAC1EA-85C0-4311-9B1E-5F920A4B47EA}
	EndGlobalSection
EndGlobal
